// !$*UTF8*$!
{
	archiveVersion = 1;
	classes = {
	};
	objectVersion = 50;
	objects = {

/* Begin PBXBuildFile section */
		6B8491BB233A5ADE00B9D281 /* AlbumsTableViewCell.swift in Sources */ = {isa = PBXBuildFile; fileRef = 6B8491B9233A5ADE00B9D281 /* AlbumsTableViewCell.swift */; };
		6B8491BC233A5ADE00B9D281 /* AlbumsTableViewCell.xib in Resources */ = {isa = PBXBuildFile; fileRef = 6B8491BA233A5ADE00B9D281 /* AlbumsTableViewCell.xib */; };
		6B8491BE233A5E7D00B9D281 /* AppPermissionManager.swift in Sources */ = {isa = PBXBuildFile; fileRef = 6B8491BD233A5E7C00B9D281 /* AppPermissionManager.swift */; };
		6BFBA4EE233A48CD00DDE80E /* AppDelegate.swift in Sources */ = {isa = PBXBuildFile; fileRef = 6BFBA4ED233A48CD00DDE80E /* AppDelegate.swift */; };
		6BFBA4F0233A48CD00DDE80E /* SceneDelegate.swift in Sources */ = {isa = PBXBuildFile; fileRef = 6BFBA4EF233A48CD00DDE80E /* SceneDelegate.swift */; };
		6BFBA4F2233A48CD00DDE80E /* ViewController.swift in Sources */ = {isa = PBXBuildFile; fileRef = 6BFBA4F1233A48CD00DDE80E /* ViewController.swift */; };
		6BFBA4F5233A48CD00DDE80E /* Main.storyboard in Resources */ = {isa = PBXBuildFile; fileRef = 6BFBA4F3233A48CD00DDE80E /* Main.storyboard */; };
		6BFBA4F7233A48D000DDE80E /* Assets.xcassets in Resources */ = {isa = PBXBuildFile; fileRef = 6BFBA4F6233A48D000DDE80E /* Assets.xcassets */; };
		6BFBA4FA233A48D000DDE80E /* LaunchScreen.storyboard in Resources */ = {isa = PBXBuildFile; fileRef = 6BFBA4F8233A48D000DDE80E /* LaunchScreen.storyboard */; };
		6BFBA502233A49D300DDE80E /* ExifInfoViewController.swift in Sources */ = {isa = PBXBuildFile; fileRef = 6BFBA501233A49D300DDE80E /* ExifInfoViewController.swift */; };
		6BFBA505233A4B5900DDE80E /* PhotoCollectionViewCell.swift in Sources */ = {isa = PBXBuildFile; fileRef = 6BFBA503233A4B5900DDE80E /* PhotoCollectionViewCell.swift */; };
		6BFBA506233A4B5900DDE80E /* PhotoCollectionViewCell.xib in Resources */ = {isa = PBXBuildFile; fileRef = 6BFBA504233A4B5900DDE80E /* PhotoCollectionViewCell.xib */; };
		6BFBA508233A580400DDE80E /* PhotosCollectionViewController.swift in Sources */ = {isa = PBXBuildFile; fileRef = 6BFBA507233A580400DDE80E /* PhotosCollectionViewController.swift */; };
/* End PBXBuildFile section */

/* Begin PBXFileReference section */
		6B8491B9233A5ADE00B9D281 /* AlbumsTableViewCell.swift */ = {isa = PBXFileReference; lastKnownFileType = sourcecode.swift; path = AlbumsTableViewCell.swift; sourceTree = "<group>"; };
		6B8491BA233A5ADE00B9D281 /* AlbumsTableViewCell.xib */ = {isa = PBXFileReference; lastKnownFileType = file.xib; path = AlbumsTableViewCell.xib; sourceTree = "<group>"; };
		6B8491BD233A5E7C00B9D281 /* AppPermissionManager.swift */ = {isa = PBXFileReference; fileEncoding = 4; lastKnownFileType = sourcecode.swift; path = AppPermissionManager.swift; sourceTree = "<group>"; };
		6BFBA4EA233A48CD00DDE80E /* EXIF Viewer.app */ = {isa = PBXFileReference; explicitFileType = wrapper.application; includeInIndex = 0; path = "EXIF Viewer.app"; sourceTree = BUILT_PRODUCTS_DIR; };
		6BFBA4ED233A48CD00DDE80E /* AppDelegate.swift */ = {isa = PBXFileReference; lastKnownFileType = sourcecode.swift; path = AppDelegate.swift; sourceTree = "<group>"; };
		6BFBA4EF233A48CD00DDE80E /* SceneDelegate.swift */ = {isa = PBXFileReference; lastKnownFileType = sourcecode.swift; path = SceneDelegate.swift; sourceTree = "<group>"; };
		6BFBA4F1233A48CD00DDE80E /* ViewController.swift */ = {isa = PBXFileReference; lastKnownFileType = sourcecode.swift; path = ViewController.swift; sourceTree = "<group>"; };
		6BFBA4F4233A48CD00DDE80E /* Base */ = {isa = PBXFileReference; lastKnownFileType = file.storyboard; name = Base; path = Base.lproj/Main.storyboard; sourceTree = "<group>"; };
		6BFBA4F6233A48D000DDE80E /* Assets.xcassets */ = {isa = PBXFileReference; lastKnownFileType = folder.assetcatalog; path = Assets.xcassets; sourceTree = "<group>"; };
		6BFBA4F9233A48D000DDE80E /* Base */ = {isa = PBXFileReference; lastKnownFileType = file.storyboard; name = Base; path = Base.lproj/LaunchScreen.storyboard; sourceTree = "<group>"; };
		6BFBA4FB233A48D000DDE80E /* Info.plist */ = {isa = PBXFileReference; lastKnownFileType = text.plist.xml; path = Info.plist; sourceTree = "<group>"; };
		6BFBA501233A49D300DDE80E /* ExifInfoViewController.swift */ = {isa = PBXFileReference; lastKnownFileType = sourcecode.swift; path = ExifInfoViewController.swift; sourceTree = "<group>"; };
		6BFBA503233A4B5900DDE80E /* PhotoCollectionViewCell.swift */ = {isa = PBXFileReference; lastKnownFileType = sourcecode.swift; path = PhotoCollectionViewCell.swift; sourceTree = "<group>"; };
		6BFBA504233A4B5900DDE80E /* PhotoCollectionViewCell.xib */ = {isa = PBXFileReference; lastKnownFileType = file.xib; path = PhotoCollectionViewCell.xib; sourceTree = "<group>"; };
		6BFBA507233A580400DDE80E /* PhotosCollectionViewController.swift */ = {isa = PBXFileReference; lastKnownFileType = sourcecode.swift; path = PhotosCollectionViewController.swift; sourceTree = "<group>"; };
/* End PBXFileReference section */

/* Begin PBXFrameworksBuildPhase section */
		6BFBA4E7233A48CD00DDE80E /* Frameworks */ = {
			isa = PBXFrameworksBuildPhase;
			buildActionMask = 2147483647;
			files = (
			);
			runOnlyForDeploymentPostprocessing = 0;
		};
/* End PBXFrameworksBuildPhase section */

/* Begin PBXGroup section */
		6BFBA4E1233A48CD00DDE80E = {
			isa = PBXGroup;
			children = (
				6BFBA4EC233A48CD00DDE80E /* EXIF Viewer */,
				6BFBA4EB233A48CD00DDE80E /* Products */,
			);
			sourceTree = "<group>";
		};
		6BFBA4EB233A48CD00DDE80E /* Products */ = {
			isa = PBXGroup;
			children = (
				6BFBA4EA233A48CD00DDE80E /* EXIF Viewer.app */,
			);
			name = Products;
			sourceTree = "<group>";
		};
		6BFBA4EC233A48CD00DDE80E /* EXIF Viewer */ = {
			isa = PBXGroup;
			children = (
				6BFBA4ED233A48CD00DDE80E /* AppDelegate.swift */,
				6BFBA4EF233A48CD00DDE80E /* SceneDelegate.swift */,
				6BFBA4F1233A48CD00DDE80E /* ViewController.swift */,
				6BFBA501233A49D300DDE80E /* ExifInfoViewController.swift */,
				6BFBA507233A580400DDE80E /* PhotosCollectionViewController.swift */,
				6BFBA503233A4B5900DDE80E /* PhotoCollectionViewCell.swift */,
				6BFBA504233A4B5900DDE80E /* PhotoCollectionViewCell.xib */,
				6B8491B9233A5ADE00B9D281 /* AlbumsTableViewCell.swift */,
				6B8491BA233A5ADE00B9D281 /* AlbumsTableViewCell.xib */,
				6B8491BD233A5E7C00B9D281 /* AppPermissionManager.swift */,
				6BFBA4F3233A48CD00DDE80E /* Main.storyboard */,
				6BFBA4F6233A48D000DDE80E /* Assets.xcassets */,
				6BFBA4F8233A48D000DDE80E /* LaunchScreen.storyboard */,
				6BFBA4FB233A48D000DDE80E /* Info.plist */,
			);
			path = "EXIF Viewer";
			sourceTree = "<group>";
		};
/* End PBXGroup section */

/* Begin PBXNativeTarget section */
		6BFBA4E9233A48CD00DDE80E /* EXIF Viewer */ = {
			isa = PBXNativeTarget;
			buildConfigurationList = 6BFBA4FE233A48D000DDE80E /* Build configuration list for PBXNativeTarget "EXIF Viewer" */;
			buildPhases = (
				6BFBA4E6233A48CD00DDE80E /* Sources */,
				6BFBA4E7233A48CD00DDE80E /* Frameworks */,
				6BFBA4E8233A48CD00DDE80E /* Resources */,
			);
			buildRules = (
			);
			dependencies = (
			);
			name = "EXIF Viewer";
			productName = "EXIF Viewer";
			productReference = 6BFBA4EA233A48CD00DDE80E /* EXIF Viewer.app */;
			productType = "com.apple.product-type.application";
		};
/* End PBXNativeTarget section */

/* Begin PBXProject section */
		6BFBA4E2233A48CD00DDE80E /* Project object */ = {
			isa = PBXProject;
			attributes = {
				LastSwiftUpdateCheck = 1100;
				LastUpgradeCheck = 1100;
				ORGANIZATIONNAME = LeonKang;
				TargetAttributes = {
					6BFBA4E9233A48CD00DDE80E = {
						CreatedOnToolsVersion = 11.0;
					};
				};
			};
			buildConfigurationList = 6BFBA4E5233A48CD00DDE80E /* Build configuration list for PBXProject "EXIF Viewer" */;
			compatibilityVersion = "Xcode 9.3";
			developmentRegion = en;
			hasScannedForEncodings = 0;
			knownRegions = (
				en,
				Base,
			);
			mainGroup = 6BFBA4E1233A48CD00DDE80E;
			productRefGroup = 6BFBA4EB233A48CD00DDE80E /* Products */;
			projectDirPath = "";
			projectRoot = "";
			targets = (
				6BFBA4E9233A48CD00DDE80E /* EXIF Viewer */,
			);
		};
/* End PBXProject section */

/* Begin PBXResourcesBuildPhase section */
		6BFBA4E8233A48CD00DDE80E /* Resources */ = {
			isa = PBXResourcesBuildPhase;
			buildActionMask = 2147483647;
			files = (
				6BFBA4FA233A48D000DDE80E /* LaunchScreen.storyboard in Resources */,
				6BFBA506233A4B5900DDE80E /* PhotoCollectionViewCell.xib in Resources */,
				6B8491BC233A5ADE00B9D281 /* AlbumsTableViewCell.xib in Resources */,
				6BFBA4F7233A48D000DDE80E /* Assets.xcassets in Resources */,
				6BFBA4F5233A48CD00DDE80E /* Main.storyboard in Resources */,
			);
			runOnlyForDeploymentPostprocessing = 0;
		};
/* End PBXResourcesBuildPhase section */

/* Begin PBXSourcesBuildPhase section */
		6BFBA4E6233A48CD00DDE80E /* Sources */ = {
			isa = PBXSourcesBuildPhase;
			buildActionMask = 2147483647;
			files = (
				6BFBA4F2233A48CD00DDE80E /* ViewController.swift in Sources */,
				6BFBA505233A4B5900DDE80E /* PhotoCollectionViewCell.swift in Sources */,
				6B8491BE233A5E7D00B9D281 /* AppPermissionManager.swift in Sources */,
				6BFBA4EE233A48CD00DDE80E /* AppDelegate.swift in Sources */,
				6BFBA508233A580400DDE80E /* PhotosCollectionViewController.swift in Sources */,
				6BFBA502233A49D300DDE80E /* ExifInfoViewController.swift in Sources */,
				6B8491BB233A5ADE00B9D281 /* AlbumsTableViewCell.swift in Sources */,
				6BFBA4F0233A48CD00DDE80E /* SceneDelegate.swift in Sources */,
			);
			runOnlyForDeploymentPostprocessing = 0;
		};
/* End PBXSourcesBuildPhase section */

/* Begin PBXVariantGroup section */
		6BFBA4F3233A48CD00DDE80E /* Main.storyboard */ = {
			isa = PBXVariantGroup;
			children = (
				6BFBA4F4233A48CD00DDE80E /* Base */,
			);
			name = Main.storyboard;
			sourceTree = "<group>";
		};
		6BFBA4F8233A48D000DDE80E /* LaunchScreen.storyboard */ = {
			isa = PBXVariantGroup;
			children = (
				6BFBA4F9233A48D000DDE80E /* Base */,
			);
			name = LaunchScreen.storyboard;
			sourceTree = "<group>";
		};
/* End PBXVariantGroup section */

/* Begin XCBuildConfiguration section */
		6BFBA4FC233A48D000DDE80E /* Debug */ = {
			isa = XCBuildConfiguration;
			buildSettings = {
				ALWAYS_SEARCH_USER_PATHS = NO;
				CLANG_ANALYZER_NONNULL = YES;
				CLANG_ANALYZER_NUMBER_OBJECT_CONVERSION = YES_AGGRESSIVE;
				CLANG_CXX_LANGUAGE_STANDARD = "gnu++14";
				CLANG_CXX_LIBRARY = "libc++";
				CLANG_ENABLE_MODULES = YES;
				CLANG_ENABLE_OBJC_ARC = YES;
				CLANG_ENABLE_OBJC_WEAK = YES;
				CLANG_WARN_BLOCK_CAPTURE_AUTORELEASING = YES;
				CLANG_WARN_BOOL_CONVERSION = YES;
				CLANG_WARN_COMMA = YES;
				CLANG_WARN_CONSTANT_CONVERSION = YES;
				CLANG_WARN_DEPRECATED_OBJC_IMPLEMENTATIONS = YES;
				CLANG_WARN_DIRECT_OBJC_ISA_USAGE = YES_ERROR;
				CLANG_WARN_DOCUMENTATION_COMMENTS = YES;
				CLANG_WARN_EMPTY_BODY = YES;
				CLANG_WARN_ENUM_CONVERSION = YES;
				CLANG_WARN_INFINITE_RECURSION = YES;
				CLANG_WARN_INT_CONVERSION = YES;
				CLANG_WARN_NON_LITERAL_NULL_CONVERSION = YES;
				CLANG_WARN_OBJC_IMPLICIT_RETAIN_SELF = YES;
				CLANG_WARN_OBJC_LITERAL_CONVERSION = YES;
				CLANG_WARN_OBJC_ROOT_CLASS = YES_ERROR;
				CLANG_WARN_RANGE_LOOP_ANALYSIS = YES;
				CLANG_WARN_STRICT_PROTOTYPES = YES;
				CLANG_WARN_SUSPICIOUS_MOVE = YES;
				CLANG_WARN_UNGUARDED_AVAILABILITY = YES_AGGRESSIVE;
				CLANG_WARN_UNREACHABLE_CODE = YES;
				CLANG_WARN__DUPLICATE_METHOD_MATCH = YES;
				COPY_PHASE_STRIP = NO;
				DEBUG_INFORMATION_FORMAT = dwarf;
				ENABLE_STRICT_OBJC_MSGSEND = YES;
				ENABLE_TESTABILITY = YES;
				GCC_C_LANGUAGE_STANDARD = gnu11;
				GCC_DYNAMIC_NO_PIC = NO;
				GCC_NO_COMMON_BLOCKS = YES;
				GCC_OPTIMIZATION_LEVEL = 0;
				GCC_PREPROCESSOR_DEFINITIONS = (
					"DEBUG=1",
					"$(inherited)",
				);
				GCC_WARN_64_TO_32_BIT_CONVERSION = YES;
				GCC_WARN_ABOUT_RETURN_TYPE = YES_ERROR;
				GCC_WARN_UNDECLARED_SELECTOR = YES;
				GCC_WARN_UNINITIALIZED_AUTOS = YES_AGGRESSIVE;
				GCC_WARN_UNUSED_FUNCTION = YES;
				GCC_WARN_UNUSED_VARIABLE = YES;
				IPHONEOS_DEPLOYMENT_TARGET = 13.0;
				MTL_ENABLE_DEBUG_INFO = INCLUDE_SOURCE;
				MTL_FAST_MATH = YES;
				ONLY_ACTIVE_ARCH = YES;
				SDKROOT = iphoneos;
				SWIFT_ACTIVE_COMPILATION_CONDITIONS = DEBUG;
				SWIFT_OPTIMIZATION_LEVEL = "-Onone";
			};
			name = Debug;
		};
		6BFBA4FD233A48D000DDE80E /* Release */ = {
			isa = XCBuildConfiguration;
			buildSettings = {
				ALWAYS_SEARCH_USER_PATHS = NO;
				CLANG_ANALYZER_NONNULL = YES;
				CLANG_ANALYZER_NUMBER_OBJECT_CONVERSION = YES_AGGRESSIVE;
				CLANG_CXX_LANGUAGE_STANDARD = "gnu++14";
				CLANG_CXX_LIBRARY = "libc++";
				CLANG_ENABLE_MODULES = YES;
				CLANG_ENABLE_OBJC_ARC = YES;
				CLANG_ENABLE_OBJC_WEAK = YES;
				CLANG_WARN_BLOCK_CAPTURE_AUTORELEASING = YES;
				CLANG_WARN_BOOL_CONVERSION = YES;
				CLANG_WARN_COMMA = YES;
				CLANG_WARN_CONSTANT_CONVERSION = YES;
				CLANG_WARN_DEPRECATED_OBJC_IMPLEMENTATIONS = YES;
				CLANG_WARN_DIRECT_OBJC_ISA_USAGE = YES_ERROR;
				CLANG_WARN_DOCUMENTATION_COMMENTS = YES;
				CLANG_WARN_EMPTY_BODY = YES;
				CLANG_WARN_ENUM_CONVERSION = YES;
				CLANG_WARN_INFINITE_RECURSION = YES;
				CLANG_WARN_INT_CONVERSION = YES;
				CLANG_WARN_NON_LITERAL_NULL_CONVERSION = YES;
				CLANG_WARN_OBJC_IMPLICIT_RETAIN_SELF = YES;
				CLANG_WARN_OBJC_LITERAL_CONVERSION = YES;
				CLANG_WARN_OBJC_ROOT_CLASS = YES_ERROR;
				CLANG_WARN_RANGE_LOOP_ANALYSIS = YES;
				CLANG_WARN_STRICT_PROTOTYPES = YES;
				CLANG_WARN_SUSPICIOUS_MOVE = YES;
				CLANG_WARN_UNGUARDED_AVAILABILITY = YES_AGGRESSIVE;
				CLANG_WARN_UNREACHABLE_CODE = YES;
				CLANG_WARN__DUPLICATE_METHOD_MATCH = YES;
				COPY_PHASE_STRIP = NO;
				DEBUG_INFORMATION_FORMAT = "dwarf-with-dsym";
				ENABLE_NS_ASSERTIONS = NO;
				ENABLE_STRICT_OBJC_MSGSEND = YES;
				GCC_C_LANGUAGE_STANDARD = gnu11;
				GCC_NO_COMMON_BLOCKS = YES;
				GCC_WARN_64_TO_32_BIT_CONVERSION = YES;
				GCC_WARN_ABOUT_RETURN_TYPE = YES_ERROR;
				GCC_WARN_UNDECLARED_SELECTOR = YES;
				GCC_WARN_UNINITIALIZED_AUTOS = YES_AGGRESSIVE;
				GCC_WARN_UNUSED_FUNCTION = YES;
				GCC_WARN_UNUSED_VARIABLE = YES;
				IPHONEOS_DEPLOYMENT_TARGET = 13.0;
				MTL_ENABLE_DEBUG_INFO = NO;
				MTL_FAST_MATH = YES;
				SDKROOT = iphoneos;
				SWIFT_COMPILATION_MODE = wholemodule;
				SWIFT_OPTIMIZATION_LEVEL = "-O";
				VALIDATE_PRODUCT = YES;
			};
			name = Release;
		};
		6BFBA4FF233A48D000DDE80E /* Debug */ = {
			isa = XCBuildConfiguration;
			buildSettings = {
				ASSETCATALOG_COMPILER_APPICON_NAME = AppIcon;
				CODE_SIGN_STYLE = Automatic;
				DEVELOPMENT_TEAM = XX5K3QH3UW;
				INFOPLIST_FILE = "EXIF Viewer/Info.plist";
				LD_RUNPATH_SEARCH_PATHS = (
					"$(inherited)",
					"@executable_path/Frameworks",
				);
				PRODUCT_BUNDLE_IDENTIFIER = "per.kl.EXIF-Viewer";
				PRODUCT_NAME = "$(TARGET_NAME)";
				SWIFT_VERSION = 5.0;
				TARGETED_DEVICE_FAMILY = "1,2";
			};
			name = Debug;
		};
		6BFBA500233A48D000DDE80E /* Release */ = {
			isa = XCBuildConfiguration;
			buildSettings = {
				ASSETCATALOG_COMPILER_APPICON_NAME = AppIcon;
				CODE_SIGN_STYLE = Automatic;
				DEVELOPMENT_TEAM = XX5K3QH3UW;
				INFOPLIST_FILE = "EXIF Viewer/Info.plist";
				LD_RUNPATH_SEARCH_PATHS = (
					"$(inherited)",
					"@executable_path/Frameworks",
				);
				PRODUCT_BUNDLE_IDENTIFIER = "per.kl.EXIF-Viewer";
				PRODUCT_NAME = "$(TARGET_NAME)";
				SWIFT_VERSION = 5.0;
				TARGETED_DEVICE_FAMILY = "1,2";
			};
			name = Release;
		};
/* End XCBuildConfiguration section */

/* Begin XCConfigurationList section */
		6BFBA4E5233A48CD00DDE80E /* Build configuration list for PBXProject "EXIF Viewer" */ = {
			isa = XCConfigurationList;
			buildConfigurations = (
				6BFBA4FC233A48D000DDE80E /* Debug */,
				6BFBA4FD233A48D000DDE80E /* Release */,
			);
			defaultConfigurationIsVisible = 0;
			defaultConfigurationName = Release;
		};
		6BFBA4FE233A48D000DDE80E /* Build configuration list for PBXNativeTarget "EXIF Viewer" */ = {
			isa = XCConfigurationList;
			buildConfigurations = (
				6BFBA4FF233A48D000DDE80E /* Debug */,
				6BFBA500233A48D000DDE80E /* Release */,
			);
			defaultConfigurationIsVisible = 0;
			defaultConfigurationName = Release;
		};
/* End XCConfigurationList section */
	};
	rootObject = 6BFBA4E2233A48CD00DDE80E /* Project object */;
}
